
Microsoft Visual Studio Solution File, Format Version 12.00
# Visual Studio Version 16
VisualStudioVersion = 16.0.31105.61
MinimumVisualStudioVersion = 10.0.40219.1
Project("{FAE04EC0-301F-11D3-BF4B-00C04F79EFBC}") = "RomanNumbers.RDM.Domain", "RomanNumbers.RDM.Domain\RomanNumbers.RDM.Domain.csproj", "{4A081209-0C71-470C-BD25-92942FC9B439}"
EndProject
Project("{FAE04EC0-301F-11D3-BF4B-00C04F79EFBC}") = "RomanNumbers.RDM.Test", "RomanNumbers.RDM.Test\RomanNumbers.RDM.Test.csproj", "{6FCF4B96-EC7C-48CE-8D32-4BF14531FB50}"
EndProject
Global
	GlobalSection(SolutionConfigurationPlatforms) = preSolution
		Debug|Any CPU = Debug|Any CPU
		Release|Any CPU = Release|Any CPU
	EndGlobalSection
	GlobalSection(ProjectConfigurationPlatforms) = postSolution
		{4A081209-0C71-470C-BD25-92942FC9B439}.Debug|Any CPU.ActiveCfg = Debug|Any CPU
		{4A081209-0C71-470C-BD25-92942FC9B439}.Debug|Any CPU.Build.0 = Debug|Any CPU
		{4A081209-0C71-470C-BD25-92942FC9B439}.Release|Any CPU.ActiveCfg = Release|Any CPU
		{4A081209-0C71-470C-BD25-92942FC9B439}.Release|Any CPU.Build.0 = Release|Any CPU
		{6FCF4B96-EC7C-48CE-8D32-4BF14531FB50}.Debug|Any CPU.ActiveCfg = Debug|Any CPU
		{6FCF4B96-EC7C-48CE-8D32-4BF14531FB50}.Debug|Any CPU.Build.0 = Debug|Any CPU
		{6FCF4B96-EC7C-48CE-8D32-4BF14531FB50}.Release|Any CPU.ActiveCfg = Release|Any CPU
		{6FCF4B96-EC7C-48CE-8D32-4BF14531FB50}.Release|Any CPU.Build.0 = Release|Any CPU
	EndGlobalSection
	GlobalSection(SolutionProperties) = preSolution
		HideSolutionNode = FALSE
	EndGlobalSection
	GlobalSection(ExtensibilityGlobals) = postSolution
		SolutionGuid = {706BA8E8-1941-425C-8D69-DBEDFAAC6DCB}
	EndGlobalSection
EndGlobal
